// !$*UTF8*$!
{
	archiveVersion = 1;
	classes = {
	};
	objectVersion = 55;
	objects = {

/* Begin PBXBuildFile section */
		71A2C6DF3E1E1DF8763C08B5 /* Pods_DotaAPI_TableView.framework in Frameworks */ = {isa = PBXBuildFile; fileRef = 08DEBE0D746C667E3551EF96 /* Pods_DotaAPI_TableView.framework */; };
		C582E9BA27421A5F00D0F30D /* RecentMatch.swift in Sources */ = {isa = PBXBuildFile; fileRef = C582E9B927421A5F00D0F30D /* RecentMatch.swift */; };
		C5A3C14427398B9D00932764 /* AppDelegate.swift in Sources */ = {isa = PBXBuildFile; fileRef = C5A3C14327398B9D00932764 /* AppDelegate.swift */; };
		C5A3C14627398B9D00932764 /* SceneDelegate.swift in Sources */ = {isa = PBXBuildFile; fileRef = C5A3C14527398B9D00932764 /* SceneDelegate.swift */; };
		C5A3C14B27398B9D00932764 /* Main.storyboard in Resources */ = {isa = PBXBuildFile; fileRef = C5A3C14927398B9D00932764 /* Main.storyboard */; };
		C5A3C14D27398B9F00932764 /* Assets.xcassets in Resources */ = {isa = PBXBuildFile; fileRef = C5A3C14C27398B9F00932764 /* Assets.xcassets */; };
		C5A3C15027398B9F00932764 /* LaunchScreen.storyboard in Resources */ = {isa = PBXBuildFile; fileRef = C5A3C14E27398B9F00932764 /* LaunchScreen.storyboard */; };
		C5A3C15827398C0A00932764 /* DotaHero.swift in Sources */ = {isa = PBXBuildFile; fileRef = C5A3C15727398C0A00932764 /* DotaHero.swift */; };
		C5A3C15A27398D9300932764 /* NetworkManager.swift in Sources */ = {isa = PBXBuildFile; fileRef = C5A3C15927398D9300932764 /* NetworkManager.swift */; };
		C5A3C15C273B014500932764 /* DotaHeroesViewController.swift in Sources */ = {isa = PBXBuildFile; fileRef = C5A3C15B273B014500932764 /* DotaHeroesViewController.swift */; };
		C5DCAD1A273D834F00427A3F /* HeroDetailsViewController.swift in Sources */ = {isa = PBXBuildFile; fileRef = C5DCAD19273D834F00427A3F /* HeroDetailsViewController.swift */; };
		C5F00CCE273F8E24000E4C8F /* URLS.swift in Sources */ = {isa = PBXBuildFile; fileRef = C5F00CCD273F8E24000E4C8F /* URLS.swift */; };
		C5F00CD0273F9AA5000E4C8F /* PlayerModel.swift in Sources */ = {isa = PBXBuildFile; fileRef = C5F00CCF273F9AA5000E4C8F /* PlayerModel.swift */; };
		C5F00CD4273FA876000E4C8F /* ViewController.swift in Sources */ = {isa = PBXBuildFile; fileRef = C5F00CD3273FA876000E4C8F /* ViewController.swift */; };
		C5F00CD6273FCC7A000E4C8F /* LoginViewController.swift in Sources */ = {isa = PBXBuildFile; fileRef = C5F00CD5273FCC7A000E4C8F /* LoginViewController.swift */; };
/* End PBXBuildFile section */

/* Begin PBXFileReference section */
		08DEBE0D746C667E3551EF96 /* Pods_DotaAPI_TableView.framework */ = {isa = PBXFileReference; explicitFileType = wrapper.framework; includeInIndex = 0; path = Pods_DotaAPI_TableView.framework; sourceTree = BUILT_PRODUCTS_DIR; };
		3DC633F2D356BF776AE4EFA3 /* Pods-DotaAPI TableView.debug.xcconfig */ = {isa = PBXFileReference; includeInIndex = 1; lastKnownFileType = text.xcconfig; name = "Pods-DotaAPI TableView.debug.xcconfig"; path = "Target Support Files/Pods-DotaAPI TableView/Pods-DotaAPI TableView.debug.xcconfig"; sourceTree = "<group>"; };
		C582E9B927421A5F00D0F30D /* RecentMatch.swift */ = {isa = PBXFileReference; lastKnownFileType = sourcecode.swift; path = RecentMatch.swift; sourceTree = "<group>"; };
		C5A3C14027398B9D00932764 /* DotaAPI TableView.app */ = {isa = PBXFileReference; explicitFileType = wrapper.application; includeInIndex = 0; path = "DotaAPI TableView.app"; sourceTree = BUILT_PRODUCTS_DIR; };
		C5A3C14327398B9D00932764 /* AppDelegate.swift */ = {isa = PBXFileReference; lastKnownFileType = sourcecode.swift; path = AppDelegate.swift; sourceTree = "<group>"; };
		C5A3C14527398B9D00932764 /* SceneDelegate.swift */ = {isa = PBXFileReference; lastKnownFileType = sourcecode.swift; path = SceneDelegate.swift; sourceTree = "<group>"; };
		C5A3C14A27398B9D00932764 /* Base */ = {isa = PBXFileReference; lastKnownFileType = file.storyboard; name = Base; path = Base.lproj/Main.storyboard; sourceTree = "<group>"; };
		C5A3C14C27398B9F00932764 /* Assets.xcassets */ = {isa = PBXFileReference; lastKnownFileType = folder.assetcatalog; path = Assets.xcassets; sourceTree = "<group>"; };
		C5A3C14F27398B9F00932764 /* Base */ = {isa = PBXFileReference; lastKnownFileType = file.storyboard; name = Base; path = Base.lproj/LaunchScreen.storyboard; sourceTree = "<group>"; };
		C5A3C15127398B9F00932764 /* Info.plist */ = {isa = PBXFileReference; lastKnownFileType = text.plist.xml; path = Info.plist; sourceTree = "<group>"; };
		C5A3C15727398C0A00932764 /* DotaHero.swift */ = {isa = PBXFileReference; lastKnownFileType = sourcecode.swift; path = DotaHero.swift; sourceTree = "<group>"; };
		C5A3C15927398D9300932764 /* NetworkManager.swift */ = {isa = PBXFileReference; lastKnownFileType = sourcecode.swift; path = NetworkManager.swift; sourceTree = "<group>"; };
		C5A3C15B273B014500932764 /* DotaHeroesViewController.swift */ = {isa = PBXFileReference; lastKnownFileType = sourcecode.swift; path = DotaHeroesViewController.swift; sourceTree = "<group>"; };
		C5DCAD19273D834F00427A3F /* HeroDetailsViewController.swift */ = {isa = PBXFileReference; lastKnownFileType = sourcecode.swift; path = HeroDetailsViewController.swift; sourceTree = "<group>"; };
		C5F00CCD273F8E24000E4C8F /* URLS.swift */ = {isa = PBXFileReference; lastKnownFileType = sourcecode.swift; path = URLS.swift; sourceTree = "<group>"; };
		C5F00CCF273F9AA5000E4C8F /* PlayerModel.swift */ = {isa = PBXFileReference; lastKnownFileType = sourcecode.swift; path = PlayerModel.swift; sourceTree = "<group>"; };
		C5F00CD3273FA876000E4C8F /* ViewController.swift */ = {isa = PBXFileReference; lastKnownFileType = sourcecode.swift; path = ViewController.swift; sourceTree = "<group>"; };
		C5F00CD5273FCC7A000E4C8F /* LoginViewController.swift */ = {isa = PBXFileReference; lastKnownFileType = sourcecode.swift; path = LoginViewController.swift; sourceTree = "<group>"; };
		E24C77A2DAEFABEAB14FDDBE /* Pods-DotaAPI TableView.release.xcconfig */ = {isa = PBXFileReference; includeInIndex = 1; lastKnownFileType = text.xcconfig; name = "Pods-DotaAPI TableView.release.xcconfig"; path = "Target Support Files/Pods-DotaAPI TableView/Pods-DotaAPI TableView.release.xcconfig"; sourceTree = "<group>"; };
/* End PBXFileReference section */

/* Begin PBXFrameworksBuildPhase section */
		C5A3C13D27398B9D00932764 /* Frameworks */ = {
			isa = PBXFrameworksBuildPhase;
			buildActionMask = 2147483647;
			files = (
				71A2C6DF3E1E1DF8763C08B5 /* Pods_DotaAPI_TableView.framework in Frameworks */,
			);
			runOnlyForDeploymentPostprocessing = 0;
		};
/* End PBXFrameworksBuildPhase section */

/* Begin PBXGroup section */
		25B4820C6CA8890E9214C6E8 /* Frameworks */ = {
			isa = PBXGroup;
			children = (
				08DEBE0D746C667E3551EF96 /* Pods_DotaAPI_TableView.framework */,
			);
			name = Frameworks;
			sourceTree = "<group>";
		};
		BAD8A94E2D74C18D9FE4EB42 /* Pods */ = {
			isa = PBXGroup;
			children = (
				3DC633F2D356BF776AE4EFA3 /* Pods-DotaAPI TableView.debug.xcconfig */,
				E24C77A2DAEFABEAB14FDDBE /* Pods-DotaAPI TableView.release.xcconfig */,
			);
			path = Pods;
			sourceTree = "<group>";
		};
		C5A3C13727398B9D00932764 = {
			isa = PBXGroup;
			children = (
				C5A3C14227398B9D00932764 /* DotaAPI TableView */,
				C5A3C14127398B9D00932764 /* Products */,
				BAD8A94E2D74C18D9FE4EB42 /* Pods */,
				25B4820C6CA8890E9214C6E8 /* Frameworks */,
			);
			sourceTree = "<group>";
		};
		C5A3C14127398B9D00932764 /* Products */ = {
			isa = PBXGroup;
			children = (
				C5A3C14027398B9D00932764 /* DotaAPI TableView.app */,
			);
			name = Products;
			sourceTree = "<group>";
		};
		C5A3C14227398B9D00932764 /* DotaAPI TableView */ = {
			isa = PBXGroup;
			children = (
				C5DCAD13273D82B800427A3F /* Managers */,
				C5DCAD14273D82C300427A3F /* Models */,
				C5DCAD15273D82D900427A3F /* SupportingFiles */,
				C5DCAD16273D82FD00427A3F /* ViewControllers */,
				C5DCAD17273D830800427A3F /* StoryBoards */,
				C5DCAD18273D831100427A3F /* Sources */,
			);
			path = "DotaAPI TableView";
			sourceTree = "<group>";
		};
		C5DCAD13273D82B800427A3F /* Managers */ = {
			isa = PBXGroup;
			children = (
				C5A3C15927398D9300932764 /* NetworkManager.swift */,
			);
			path = Managers;
			sourceTree = "<group>";
		};
		C5DCAD14273D82C300427A3F /* Models */ = {
			isa = PBXGroup;
			children = (
				C5A3C15727398C0A00932764 /* DotaHero.swift */,
				C5F00CCF273F9AA5000E4C8F /* PlayerModel.swift */,
				C582E9B927421A5F00D0F30D /* RecentMatch.swift */,
			);
			path = Models;
			sourceTree = "<group>";
		};
		C5DCAD15273D82D900427A3F /* SupportingFiles */ = {
			isa = PBXGroup;
			children = (
				C5A3C14327398B9D00932764 /* AppDelegate.swift */,
				C5A3C14527398B9D00932764 /* SceneDelegate.swift */,
				C5A3C15127398B9F00932764 /* Info.plist */,
			);
			path = SupportingFiles;
			sourceTree = "<group>";
		};
		C5DCAD16273D82FD00427A3F /* ViewControllers */ = {
			isa = PBXGroup;
			children = (
				C5A3C15B273B014500932764 /* DotaHeroesViewController.swift */,
				C5DCAD19273D834F00427A3F /* HeroDetailsViewController.swift */,
				C5F00CD3273FA876000E4C8F /* ViewController.swift */,
				C5F00CD5273FCC7A000E4C8F /* LoginViewController.swift */,
			);
			path = ViewControllers;
			sourceTree = "<group>";
		};
		C5DCAD17273D830800427A3F /* StoryBoards */ = {
			isa = PBXGroup;
			children = (
				C5A3C14927398B9D00932764 /* Main.storyboard */,
				C5A3C14E27398B9F00932764 /* LaunchScreen.storyboard */,
			);
			path = StoryBoards;
			sourceTree = "<group>";
		};
		C5DCAD18273D831100427A3F /* Sources */ = {
			isa = PBXGroup;
			children = (
				C5A3C14C27398B9F00932764 /* Assets.xcassets */,
				C5F00CCD273F8E24000E4C8F /* URLS.swift */,
			);
			path = Sources;
			sourceTree = "<group>";
		};
/* End PBXGroup section */

/* Begin PBXNativeTarget section */
		C5A3C13F27398B9D00932764 /* DotaAPI TableView */ = {
			isa = PBXNativeTarget;
			buildConfigurationList = C5A3C15427398B9F00932764 /* Build configuration list for PBXNativeTarget "DotaAPI TableView" */;
			buildPhases = (
				493502280DB682136FE4D41E /* [CP] Check Pods Manifest.lock */,
				C5A3C13C27398B9D00932764 /* Sources */,
				C5A3C13D27398B9D00932764 /* Frameworks */,
				C5A3C13E27398B9D00932764 /* Resources */,
				95A26177935C733B11DACECF /* [CP] Embed Pods Frameworks */,
			);
			buildRules = (
			);
			dependencies = (
			);
			name = "DotaAPI TableView";
			productName = "DotaAPI TableView";
			productReference = C5A3C14027398B9D00932764 /* DotaAPI TableView.app */;
			productType = "com.apple.product-type.application";
		};
/* End PBXNativeTarget section */

/* Begin PBXProject section */
		C5A3C13827398B9D00932764 /* Project object */ = {
			isa = PBXProject;
			attributes = {
				BuildIndependentTargetsInParallel = 1;
				LastSwiftUpdateCheck = 1310;
				LastUpgradeCheck = 1310;
				TargetAttributes = {
					C5A3C13F27398B9D00932764 = {
						CreatedOnToolsVersion = 13.1;
					};
				};
			};
			buildConfigurationList = C5A3C13B27398B9D00932764 /* Build configuration list for PBXProject "DotaAPI TableView" */;
			compatibilityVersion = "Xcode 13.0";
			developmentRegion = en;
			hasScannedForEncodings = 0;
			knownRegions = (
				en,
				Base,
			);
			mainGroup = C5A3C13727398B9D00932764;
			productRefGroup = C5A3C14127398B9D00932764 /* Products */;
			projectDirPath = "";
			projectRoot = "";
			targets = (
				C5A3C13F27398B9D00932764 /* DotaAPI TableView */,
			);
		};
/* End PBXProject section */

/* Begin PBXResourcesBuildPhase section */
		C5A3C13E27398B9D00932764 /* Resources */ = {
			isa = PBXResourcesBuildPhase;
			buildActionMask = 2147483647;
			files = (
				C5A3C15027398B9F00932764 /* LaunchScreen.storyboard in Resources */,
				C5A3C14D27398B9F00932764 /* Assets.xcassets in Resources */,
				C5A3C14B27398B9D00932764 /* Main.storyboard in Resources */,
			);
			runOnlyForDeploymentPostprocessing = 0;
		};
/* End PBXResourcesBuildPhase section */

/* Begin PBXShellScriptBuildPhase section */
		493502280DB682136FE4D41E /* [CP] Check Pods Manifest.lock */ = {
			isa = PBXShellScriptBuildPhase;
			buildActionMask = 2147483647;
			files = (
			);
			inputFileListPaths = (
			);
			inputPaths = (
				"${PODS_PODFILE_DIR_PATH}/Podfile.lock",
				"${PODS_ROOT}/Manifest.lock",
			);
			name = "[CP] Check Pods Manifest.lock";
			outputFileListPaths = (
			);
			outputPaths = (
				"$(DERIVED_FILE_DIR)/Pods-DotaAPI TableView-checkManifestLockResult.txt",
			);
			runOnlyForDeploymentPostprocessing = 0;
			shellPath = /bin/sh;
			shellScript = "diff \"${PODS_PODFILE_DIR_PATH}/Podfile.lock\" \"${PODS_ROOT}/Manifest.lock\" > /dev/null\nif [ $? != 0 ] ; then\n    # print error to STDERR\n    echo \"error: The sandbox is not in sync with the Podfile.lock. Run 'pod install' or update your CocoaPods installation.\" >&2\n    exit 1\nfi\n# This output is used by Xcode 'outputs' to avoid re-running this script phase.\necho \"SUCCESS\" > \"${SCRIPT_OUTPUT_FILE_0}\"\n";
			showEnvVarsInLog = 0;
		};
		95A26177935C733B11DACECF /* [CP] Embed Pods Frameworks */ = {
			isa = PBXShellScriptBuildPhase;
			buildActionMask = 2147483647;
			files = (
			);
			inputFileListPaths = (
				"${PODS_ROOT}/Target Support Files/Pods-DotaAPI TableView/Pods-DotaAPI TableView-frameworks-${CONFIGURATION}-input-files.xcfilelist",
			);
			name = "[CP] Embed Pods Frameworks";
			outputFileListPaths = (
				"${PODS_ROOT}/Target Support Files/Pods-DotaAPI TableView/Pods-DotaAPI TableView-frameworks-${CONFIGURATION}-output-files.xcfilelist",
			);
			runOnlyForDeploymentPostprocessing = 0;
			shellPath = /bin/sh;
			shellScript = "\"${PODS_ROOT}/Target Support Files/Pods-DotaAPI TableView/Pods-DotaAPI TableView-frameworks.sh\"\n";
			showEnvVarsInLog = 0;
		};
/* End PBXShellScriptBuildPhase section */

/* Begin PBXSourcesBuildPhase section */
		C5A3C13C27398B9D00932764 /* Sources */ = {
			isa = PBXSourcesBuildPhase;
			buildActionMask = 2147483647;
			files = (
				C5A3C14427398B9D00932764 /* AppDelegate.swift in Sources */,
				C5F00CCE273F8E24000E4C8F /* URLS.swift in Sources */,
				C5F00CD0273F9AA5000E4C8F /* PlayerModel.swift in Sources */,
				C582E9BA27421A5F00D0F30D /* RecentMatch.swift in Sources */,
				C5F00CD4273FA876000E4C8F /* ViewController.swift in Sources */,
				C5F00CD6273FCC7A000E4C8F /* LoginViewController.swift in Sources */,
				C5A3C15C273B014500932764 /* DotaHeroesViewController.swift in Sources */,
				C5A3C15A27398D9300932764 /* NetworkManager.swift in Sources */,
				C5A3C14627398B9D00932764 /* SceneDelegate.swift in Sources */,
				C5A3C15827398C0A00932764 /* DotaHero.swift in Sources */,
				C5DCAD1A273D834F00427A3F /* HeroDetailsViewController.swift in Sources */,
			);
			runOnlyForDeploymentPostprocessing = 0;
		};
/* End PBXSourcesBuildPhase section */

/* Begin PBXVariantGroup section */
		C5A3C14927398B9D00932764 /* Main.storyboard */ = {
			isa = PBXVariantGroup;
			children = (
				C5A3C14A27398B9D00932764 /* Base */,
			);
			name = Main.storyboard;
			sourceTree = "<group>";
		};
		C5A3C14E27398B9F00932764 /* LaunchScreen.storyboard */ = {
			isa = PBXVariantGroup;
			children = (
				C5A3C14F27398B9F00932764 /* Base */,
			);
			name = LaunchScreen.storyboard;
			sourceTree = "<group>";
		};
/* End PBXVariantGroup section */

/* Begin XCBuildConfiguration section */
		C5A3C15227398B9F00932764 /* Debug */ = {
			isa = XCBuildConfiguration;
			buildSettings = {
				ALWAYS_SEARCH_USER_PATHS = NO;
				CLANG_ANALYZER_NONNULL = YES;
				CLANG_ANALYZER_NUMBER_OBJECT_CONVERSION = YES_AGGRESSIVE;
				CLANG_CXX_LANGUAGE_STANDARD = "gnu++17";
				CLANG_CXX_LIBRARY = "libc++";
				CLANG_ENABLE_MODULES = YES;
				CLANG_ENABLE_OBJC_ARC = YES;
				CLANG_ENABLE_OBJC_WEAK = YES;
				CLANG_WARN_BLOCK_CAPTURE_AUTORELEASING = YES;
				CLANG_WARN_BOOL_CONVERSION = YES;
				CLANG_WARN_COMMA = YES;
				CLANG_WARN_CONSTANT_CONVERSION = YES;
				CLANG_WARN_DEPRECATED_OBJC_IMPLEMENTATIONS = YES;
				CLANG_WARN_DIRECT_OBJC_ISA_USAGE = YES_ERROR;
				CLANG_WARN_DOCUMENTATION_COMMENTS = YES;
				CLANG_WARN_EMPTY_BODY = YES;
				CLANG_WARN_ENUM_CONVERSION = YES;
				CLANG_WARN_INFINITE_RECURSION = YES;
				CLANG_WARN_INT_CONVERSION = YES;
				CLANG_WARN_NON_LITERAL_NULL_CONVERSION = YES;
				CLANG_WARN_OBJC_IMPLICIT_RETAIN_SELF = YES;
				CLANG_WARN_OBJC_LITERAL_CONVERSION = YES;
				CLANG_WARN_OBJC_ROOT_CLASS = YES_ERROR;
				CLANG_WARN_QUOTED_INCLUDE_IN_FRAMEWORK_HEADER = YES;
				CLANG_WARN_RANGE_LOOP_ANALYSIS = YES;
				CLANG_WARN_STRICT_PROTOTYPES = YES;
				CLANG_WARN_SUSPICIOUS_MOVE = YES;
				CLANG_WARN_UNGUARDED_AVAILABILITY = YES_AGGRESSIVE;
				CLANG_WARN_UNREACHABLE_CODE = YES;
				CLANG_WARN__DUPLICATE_METHOD_MATCH = YES;
				COPY_PHASE_STRIP = NO;
				DEBUG_INFORMATION_FORMAT = dwarf;
				ENABLE_STRICT_OBJC_MSGSEND = YES;
				ENABLE_TESTABILITY = YES;
				GCC_C_LANGUAGE_STANDARD = gnu11;
				GCC_DYNAMIC_NO_PIC = NO;
				GCC_NO_COMMON_BLOCKS = YES;
				GCC_OPTIMIZATION_LEVEL = 0;
				GCC_PREPROCESSOR_DEFINITIONS = (
					"DEBUG=1",
					"$(inherited)",
				);
				GCC_WARN_64_TO_32_BIT_CONVERSION = YES;
				GCC_WARN_ABOUT_RETURN_TYPE = YES_ERROR;
				GCC_WARN_UNDECLARED_SELECTOR = YES;
				GCC_WARN_UNINITIALIZED_AUTOS = YES_AGGRESSIVE;
				GCC_WARN_UNUSED_FUNCTION = YES;
				GCC_WARN_UNUSED_VARIABLE = YES;
				IPHONEOS_DEPLOYMENT_TARGET = 15.0;
				MTL_ENABLE_DEBUG_INFO = INCLUDE_SOURCE;
				MTL_FAST_MATH = YES;
				ONLY_ACTIVE_ARCH = YES;
				SDKROOT = iphoneos;
				SWIFT_ACTIVE_COMPILATION_CONDITIONS = DEBUG;
				SWIFT_OPTIMIZATION_LEVEL = "-Onone";
			};
			name = Debug;
		};
		C5A3C15327398B9F00932764 /* Release */ = {
			isa = XCBuildConfiguration;
			buildSettings = {
				ALWAYS_SEARCH_USER_PATHS = NO;
				CLANG_ANALYZER_NONNULL = YES;
				CLANG_ANALYZER_NUMBER_OBJECT_CONVERSION = YES_AGGRESSIVE;
				CLANG_CXX_LANGUAGE_STANDARD = "gnu++17";
				CLANG_CXX_LIBRARY = "libc++";
				CLANG_ENABLE_MODULES = YES;
				CLANG_ENABLE_OBJC_ARC = YES;
				CLANG_ENABLE_OBJC_WEAK = YES;
				CLANG_WARN_BLOCK_CAPTURE_AUTORELEASING = YES;
				CLANG_WARN_BOOL_CONVERSION = YES;
				CLANG_WARN_COMMA = YES;
				CLANG_WARN_CONSTANT_CONVERSION = YES;
				CLANG_WARN_DEPRECATED_OBJC_IMPLEMENTATIONS = YES;
				CLANG_WARN_DIRECT_OBJC_ISA_USAGE = YES_ERROR;
				CLANG_WARN_DOCUMENTATION_COMMENTS = YES;
				CLANG_WARN_EMPTY_BODY = YES;
				CLANG_WARN_ENUM_CONVERSION = YES;
				CLANG_WARN_INFINITE_RECURSION = YES;
				CLANG_WARN_INT_CONVERSION = YES;
				CLANG_WARN_NON_LITERAL_NULL_CONVERSION = YES;
				CLANG_WARN_OBJC_IMPLICIT_RETAIN_SELF = YES;
				CLANG_WARN_OBJC_LITERAL_CONVERSION = YES;
				CLANG_WARN_OBJC_ROOT_CLASS = YES_ERROR;
				CLANG_WARN_QUOTED_INCLUDE_IN_FRAMEWORK_HEADER = YES;
				CLANG_WARN_RANGE_LOOP_ANALYSIS = YES;
				CLANG_WARN_STRICT_PROTOTYPES = YES;
				CLANG_WARN_SUSPICIOUS_MOVE = YES;
				CLANG_WARN_UNGUARDED_AVAILABILITY = YES_AGGRESSIVE;
				CLANG_WARN_UNREACHABLE_CODE = YES;
				CLANG_WARN__DUPLICATE_METHOD_MATCH = YES;
				COPY_PHASE_STRIP = NO;
				DEBUG_INFORMATION_FORMAT = "dwarf-with-dsym";
				ENABLE_NS_ASSERTIONS = NO;
				ENABLE_STRICT_OBJC_MSGSEND = YES;
				GCC_C_LANGUAGE_STANDARD = gnu11;
				GCC_NO_COMMON_BLOCKS = YES;
				GCC_WARN_64_TO_32_BIT_CONVERSION = YES;
				GCC_WARN_ABOUT_RETURN_TYPE = YES_ERROR;
				GCC_WARN_UNDECLARED_SELECTOR = YES;
				GCC_WARN_UNINITIALIZED_AUTOS = YES_AGGRESSIVE;
				GCC_WARN_UNUSED_FUNCTION = YES;
				GCC_WARN_UNUSED_VARIABLE = YES;
				IPHONEOS_DEPLOYMENT_TARGET = 15.0;
				MTL_ENABLE_DEBUG_INFO = NO;
				MTL_FAST_MATH = YES;
				SDKROOT = iphoneos;
				SWIFT_COMPILATION_MODE = wholemodule;
				SWIFT_OPTIMIZATION_LEVEL = "-O";
				VALIDATE_PRODUCT = YES;
			};
			name = Release;
		};
		C5A3C15527398B9F00932764 /* Debug */ = {
			isa = XCBuildConfiguration;
			baseConfigurationReference = 3DC633F2D356BF776AE4EFA3 /* Pods-DotaAPI TableView.debug.xcconfig */;
			buildSettings = {
				ASSETCATALOG_COMPILER_APPICON_NAME = AppIcon;
				ASSETCATALOG_COMPILER_GLOBAL_ACCENT_COLOR_NAME = AccentColor;
				CODE_SIGN_STYLE = Automatic;
				CURRENT_PROJECT_VERSION = 1;
				DEVELOPMENT_TEAM = 754D6797UK;
				GENERATE_INFOPLIST_FILE = YES;
				INFOPLIST_FILE = "DotaAPI TableView/SupportingFiles/Info.plist";
				INFOPLIST_KEY_UIApplicationSupportsIndirectInputEvents = YES;
				INFOPLIST_KEY_UILaunchStoryboardName = LaunchScreen;
				INFOPLIST_KEY_UIMainStoryboardFile = Main;
				INFOPLIST_KEY_UISupportedInterfaceOrientations = UIInterfaceOrientationPortrait;
				INFOPLIST_KEY_UISupportedInterfaceOrientations_iPad = "UIInterfaceOrientationPortrait UIInterfaceOrientationPortraitUpsideDown UIInterfaceOrientationLandscapeLeft UIInterfaceOrientationLandscapeRight";
				INFOPLIST_KEY_UISupportedInterfaceOrientations_iPhone = "UIInterfaceOrientationPortrait UIInterfaceOrientationLandscapeLeft UIInterfaceOrientationLandscapeRight";
				LD_RUNPATH_SEARCH_PATHS = (
					"$(inherited)",
					"@executable_path/Frameworks",
				);
				MARKETING_VERSION = 1.0;
				PRODUCT_BUNDLE_IDENTIFIER = "sergeiKudinov.DotaAPI-TableView";
				PRODUCT_NAME = "$(TARGET_NAME)";
				SWIFT_EMIT_LOC_STRINGS = YES;
				SWIFT_VERSION = 5.0;
				TARGETED_DEVICE_FAMILY = 1;
			};
			name = Debug;
		};
		C5A3C15627398B9F00932764 /* Release */ = {
			isa = XCBuildConfiguration;
			baseConfigurationReference = E24C77A2DAEFABEAB14FDDBE /* Pods-DotaAPI TableView.release.xcconfig */;
			buildSettings = {
				ASSETCATALOG_COMPILER_APPICON_NAME = AppIcon;
				ASSETCATALOG_COMPILER_GLOBAL_ACCENT_COLOR_NAME = AccentColor;
				CODE_SIGN_STYLE = Automatic;
				CURRENT_PROJECT_VERSION = 1;
				DEVELOPMENT_TEAM = 754D6797UK;
				GENERATE_INFOPLIST_FILE = YES;
				INFOPLIST_FILE = "DotaAPI TableView/SupportingFiles/Info.plist";
				INFOPLIST_KEY_UIApplicationSupportsIndirectInputEvents = YES;
				INFOPLIST_KEY_UILaunchStoryboardName = LaunchScreen;
				INFOPLIST_KEY_UIMainStoryboardFile = Main;
				INFOPLIST_KEY_UISupportedInterfaceOrientations = UIInterfaceOrientationPortrait;
				INFOPLIST_KEY_UISupportedInterfaceOrientations_iPad = "UIInterfaceOrientationPortrait UIInterfaceOrientationPortraitUpsideDown UIInterfaceOrientationLandscapeLeft UIInterfaceOrientationLandscapeRight";
				INFOPLIST_KEY_UISupportedInterfaceOrientations_iPhone = "UIInterfaceOrientationPortrait UIInterfaceOrientationLandscapeLeft UIInterfaceOrientationLandscapeRight";
				LD_RUNPATH_SEARCH_PATHS = (
					"$(inherited)",
					"@executable_path/Frameworks",
				);
				MARKETING_VERSION = 1.0;
				PRODUCT_BUNDLE_IDENTIFIER = "sergeiKudinov.DotaAPI-TableView";
				PRODUCT_NAME = "$(TARGET_NAME)";
				SWIFT_EMIT_LOC_STRINGS = YES;
				SWIFT_VERSION = 5.0;
				TARGETED_DEVICE_FAMILY = 1;
			};
			name = Release;
		};
/* End XCBuildConfiguration section */

/* Begin XCConfigurationList section */
		C5A3C13B27398B9D00932764 /* Build configuration list for PBXProject "DotaAPI TableView" */ = {
			isa = XCConfigurationList;
			buildConfigurations = (
				C5A3C15227398B9F00932764 /* Debug */,
				C5A3C15327398B9F00932764 /* Release */,
			);
			defaultConfigurationIsVisible = 0;
			defaultConfigurationName = Release;
		};
		C5A3C15427398B9F00932764 /* Build configuration list for PBXNativeTarget "DotaAPI TableView" */ = {
			isa = XCConfigurationList;
			buildConfigurations = (
				C5A3C15527398B9F00932764 /* Debug */,
				C5A3C15627398B9F00932764 /* Release */,
			);
			defaultConfigurationIsVisible = 0;
			defaultConfigurationName = Release;
		};
/* End XCConfigurationList section */
	};
	rootObject = C5A3C13827398B9D00932764 /* Project object */;
}
